
Microsoft Visual Studio Solution File, Format Version 12.00
# Visual Studio Version 17
VisualStudioVersion = 17.11.35219.272
MinimumVisualStudioVersion = 10.0.40219.1
Project("{FAE04EC0-301F-11D3-BF4B-00C04F79EFBC}") = "AppInventariCor", "AppInventariCor.csproj", "{463B1916-0451-410B-B6E2-6A7909B4022F}"
EndProject
Global
	GlobalSection(SolutionConfigurationPlatforms) = preSolution
		Debug|Any CPU = Debug|Any CPU
		Release|Any CPU = Release|Any CPU
	EndGlobalSection
	GlobalSection(ProjectConfigurationPlatforms) = postSolution
		{463B1916-0451-410B-B6E2-6A7909B4022F}.Debug|Any CPU.ActiveCfg = Debug|Any CPU
		{463B1916-0451-410B-B6E2-6A7909B4022F}.Debug|Any CPU.Build.0 = Debug|Any CPU
		{463B1916-0451-410B-B6E2-6A7909B4022F}.Debug|Any CPU.Deploy.0 = Debug|Any CPU
		{463B1916-0451-410B-B6E2-6A7909B4022F}.Release|Any CPU.ActiveCfg = Release|Any CPU
		{463B1916-0451-410B-B6E2-6A7909B4022F}.Release|Any CPU.Build.0 = Release|Any CPU
		{463B1916-0451-410B-B6E2-6A7909B4022F}.Release|Any CPU.Deploy.0 = Release|Any CPU
	EndGlobalSection
	GlobalSection(SolutionProperties) = preSolution
		HideSolutionNode = FALSE
	EndGlobalSection
	GlobalSection(ExtensibilityGlobals) = postSolution
		SolutionGuid = {B8B2DC5A-3942-4F28-B2D9-82A9F3018230}
	EndGlobalSection
EndGlobal
